
Microsoft Visual Studio Solution File, Format Version 12.00
# Visual Studio Version 16
VisualStudioVersion = 16.0.29102.190
MinimumVisualStudioVersion = 10.0.40219.1
Project("{9A19103F-16F7-4668-BE54-9A1E7A4F7556}") = "SecretSanta.Domain", "SecretSanta.Domain\SecretSanta.Domain.csproj", "{706A2675-F0CD-4462-9377-8D3B5A07B58C}"
EndProject
Project("{9A19103F-16F7-4668-BE54-9A1E7A4F7556}") = "SecretSanta.Data", "SecretSanta.Data\SecretSanta.Data.csproj", "{11E138D4-4F14-4DC0-9B51-0EFABFEDD074}"
EndProject
Project("{9A19103F-16F7-4668-BE54-9A1E7A4F7556}") = "Santa.Console", "Santa\Santa.Console.csproj", "{C4EF3150-72F5-4645-8544-3695897C5CC1}"
EndProject
Project("{9A19103F-16F7-4668-BE54-9A1E7A4F7556}") = "SecretSanta.Domain.Tests", "SecretSanta.Domain.Tests\SecretSanta.Domain.Tests.csproj", "{5A253BF5-EAFA-4444-8A22-2350EF2E0F98}"
EndProject
Project("{9092AA53-FB77-4645-B42D-1CCCA6BD08BD}") = "SecretSanta.Web", "SecretSanta.Web\SecretSanta.Web.njsproj", "{71BA55C7-AD77-4CED-B13F-EED99C67BCE5}"
EndProject
Global
	GlobalSection(SolutionConfigurationPlatforms) = preSolution
		Debug|Any CPU = Debug|Any CPU
		Release|Any CPU = Release|Any CPU
	EndGlobalSection
	GlobalSection(ProjectConfigurationPlatforms) = postSolution
		{706A2675-F0CD-4462-9377-8D3B5A07B58C}.Debug|Any CPU.ActiveCfg = Debug|Any CPU
		{706A2675-F0CD-4462-9377-8D3B5A07B58C}.Debug|Any CPU.Build.0 = Debug|Any CPU
		{706A2675-F0CD-4462-9377-8D3B5A07B58C}.Release|Any CPU.ActiveCfg = Release|Any CPU
		{706A2675-F0CD-4462-9377-8D3B5A07B58C}.Release|Any CPU.Build.0 = Release|Any CPU
		{11E138D4-4F14-4DC0-9B51-0EFABFEDD074}.Debug|Any CPU.ActiveCfg = Debug|Any CPU
		{11E138D4-4F14-4DC0-9B51-0EFABFEDD074}.Debug|Any CPU.Build.0 = Debug|Any CPU
		{11E138D4-4F14-4DC0-9B51-0EFABFEDD074}.Release|Any CPU.ActiveCfg = Release|Any CPU
		{11E138D4-4F14-4DC0-9B51-0EFABFEDD074}.Release|Any CPU.Build.0 = Release|Any CPU
		{C4EF3150-72F5-4645-8544-3695897C5CC1}.Debug|Any CPU.ActiveCfg = Debug|Any CPU
		{C4EF3150-72F5-4645-8544-3695897C5CC1}.Debug|Any CPU.Build.0 = Debug|Any CPU
		{C4EF3150-72F5-4645-8544-3695897C5CC1}.Release|Any CPU.ActiveCfg = Release|Any CPU
		{C4EF3150-72F5-4645-8544-3695897C5CC1}.Release|Any CPU.Build.0 = Release|Any CPU
		{5A253BF5-EAFA-4444-8A22-2350EF2E0F98}.Debug|Any CPU.ActiveCfg = Debug|Any CPU
		{5A253BF5-EAFA-4444-8A22-2350EF2E0F98}.Debug|Any CPU.Build.0 = Debug|Any CPU
		{5A253BF5-EAFA-4444-8A22-2350EF2E0F98}.Release|Any CPU.ActiveCfg = Release|Any CPU
		{5A253BF5-EAFA-4444-8A22-2350EF2E0F98}.Release|Any CPU.Build.0 = Release|Any CPU
		{71BA55C7-AD77-4CED-B13F-EED99C67BCE5}.Debug|Any CPU.ActiveCfg = Debug|Any CPU
		{71BA55C7-AD77-4CED-B13F-EED99C67BCE5}.Debug|Any CPU.Build.0 = Debug|Any CPU
		{71BA55C7-AD77-4CED-B13F-EED99C67BCE5}.Release|Any CPU.ActiveCfg = Release|Any CPU
		{71BA55C7-AD77-4CED-B13F-EED99C67BCE5}.Release|Any CPU.Build.0 = Release|Any CPU
	EndGlobalSection
	GlobalSection(SolutionProperties) = preSolution
		HideSolutionNode = FALSE
	EndGlobalSection
	GlobalSection(ExtensibilityGlobals) = postSolution
		SolutionGuid = {8F4636BE-8F0A-4BEE-94AC-1122FDEBE52E}
	EndGlobalSection
EndGlobal
